
Microsoft Visual Studio Solution File, Format Version 12.00
# Visual Studio Version 17
VisualStudioVersion = 17.10.35013.160
MinimumVisualStudioVersion = 10.0.40219.1
Project("{8BC9CEB8-8B4A-11D0-8D11-00A0C91BC942}") = "0719_05", "0719_05\0719_05.vcxproj", "{453BF9E7-7502-4B7F-A933-CE5E417D7370}"
EndProject
Global
	GlobalSection(SolutionConfigurationPlatforms) = preSolution
		Debug|x64 = Debug|x64
		Debug|x86 = Debug|x86
		Release|x64 = Release|x64
		Release|x86 = Release|x86
	EndGlobalSection
	GlobalSection(ProjectConfigurationPlatforms) = postSolution
		{453BF9E7-7502-4B7F-A933-CE5E417D7370}.Debug|x64.ActiveCfg = Debug|x64
		{453BF9E7-7502-4B7F-A933-CE5E417D7370}.Debug|x64.Build.0 = Debug|x64
		{453BF9E7-7502-4B7F-A933-CE5E417D7370}.Debug|x86.ActiveCfg = Debug|Win32
		{453BF9E7-7502-4B7F-A933-CE5E417D7370}.Debug|x86.Build.0 = Debug|Win32
		{453BF9E7-7502-4B7F-A933-CE5E417D7370}.Release|x64.ActiveCfg = Release|x64
		{453BF9E7-7502-4B7F-A933-CE5E417D7370}.Release|x64.Build.0 = Release|x64
		{453BF9E7-7502-4B7F-A933-CE5E417D7370}.Release|x86.ActiveCfg = Release|Win32
		{453BF9E7-7502-4B7F-A933-CE5E417D7370}.Release|x86.Build.0 = Release|Win32
	EndGlobalSection
	GlobalSection(SolutionProperties) = preSolution
		HideSolutionNode = FALSE
	EndGlobalSection
	GlobalSection(ExtensibilityGlobals) = postSolution
		SolutionGuid = {5A16B43B-B254-4988-98BA-9FE3D2E1FCE0}
	EndGlobalSection
EndGlobal
