
Microsoft Visual Studio Solution File, Format Version 12.00
# Visual Studio Version 17
VisualStudioVersion = 17.9.34728.123
MinimumVisualStudioVersion = 10.0.40219.1
Project("{8BC9CEB8-8B4A-11D0-8D11-00A0C91BC942}") = "0628_04", "0628_04\0628_04.vcxproj", "{0C9AC744-62D3-4323-A7BF-15F2C2C3B0C7}"
EndProject
Global
	GlobalSection(SolutionConfigurationPlatforms) = preSolution
		Debug|x64 = Debug|x64
		Debug|x86 = Debug|x86
		Release|x64 = Release|x64
		Release|x86 = Release|x86
	EndGlobalSection
	GlobalSection(ProjectConfigurationPlatforms) = postSolution
		{0C9AC744-62D3-4323-A7BF-15F2C2C3B0C7}.Debug|x64.ActiveCfg = Debug|x64
		{0C9AC744-62D3-4323-A7BF-15F2C2C3B0C7}.Debug|x64.Build.0 = Debug|x64
		{0C9AC744-62D3-4323-A7BF-15F2C2C3B0C7}.Debug|x86.ActiveCfg = Debug|Win32
		{0C9AC744-62D3-4323-A7BF-15F2C2C3B0C7}.Debug|x86.Build.0 = Debug|Win32
		{0C9AC744-62D3-4323-A7BF-15F2C2C3B0C7}.Release|x64.ActiveCfg = Release|x64
		{0C9AC744-62D3-4323-A7BF-15F2C2C3B0C7}.Release|x64.Build.0 = Release|x64
		{0C9AC744-62D3-4323-A7BF-15F2C2C3B0C7}.Release|x86.ActiveCfg = Release|Win32
		{0C9AC744-62D3-4323-A7BF-15F2C2C3B0C7}.Release|x86.Build.0 = Release|Win32
	EndGlobalSection
	GlobalSection(SolutionProperties) = preSolution
		HideSolutionNode = FALSE
	EndGlobalSection
	GlobalSection(ExtensibilityGlobals) = postSolution
		SolutionGuid = {C99141CD-90F6-46C9-B550-1F57A3842DE7}
	EndGlobalSection
EndGlobal
